
Microsoft Visual Studio Solution File, Format Version 12.00
# Visual Studio Version 16
VisualStudioVersion = 16.0.29020.237
MinimumVisualStudioVersion = 10.0.40219.1
Project("{FAE04EC0-301F-11D3-BF4B-00C04F79EFBC}") = "PuppeteerSharpDemo", "PuppeteerSharpDemo\PuppeteerSharpDemo.csproj", "{B7E80323-A42E-4324-8B53-39EAA6D6816E}"
EndProject
Global
	GlobalSection(SolutionConfigurationPlatforms) = preSolution
		Debug|Any CPU = Debug|Any CPU
		Release|Any CPU = Release|Any CPU
	EndGlobalSection
	GlobalSection(ProjectConfigurationPlatforms) = postSolution
		{B7E80323-A42E-4324-8B53-39EAA6D6816E}.Debug|Any CPU.ActiveCfg = Debug|Any CPU
		{B7E80323-A42E-4324-8B53-39EAA6D6816E}.Debug|Any CPU.Build.0 = Debug|Any CPU
		{B7E80323-A42E-4324-8B53-39EAA6D6816E}.Release|Any CPU.ActiveCfg = Release|Any CPU
		{B7E80323-A42E-4324-8B53-39EAA6D6816E}.Release|Any CPU.Build.0 = Release|Any CPU
	EndGlobalSection
	GlobalSection(SolutionProperties) = preSolution
		HideSolutionNode = FALSE
	EndGlobalSection
	GlobalSection(ExtensibilityGlobals) = postSolution
		SolutionGuid = {BE5A094E-B30E-4FA3-AC1B-D5D204BB3133}
	EndGlobalSection
EndGlobal
